
Microsoft Visual Studio Solution File, Format Version 12.00
# Visual Studio Version 17
VisualStudioVersion = 17.9.34622.214
MinimumVisualStudioVersion = 10.0.40219.1
Project("{FAE04EC0-301F-11D3-BF4B-00C04F79EFBC}") = "DIExample", "DIExample\DIExample.csproj", "{B8F632AC-D94F-47F3-A9D4-BD5BCB780ACE}"
EndProject
Project("{FAE04EC0-301F-11D3-BF4B-00C04F79EFBC}") = "Services", "Services\Services.csproj", "{15D01218-2029-4FFF-901D-F3F4CCA742B5}"
EndProject
Project("{FAE04EC0-301F-11D3-BF4B-00C04F79EFBC}") = "ServiceContracts", "ServiceContracts\ServiceContracts.csproj", "{A5E0C9E2-48B3-4A49-B133-0751F46EA985}"
EndProject
Global
	GlobalSection(SolutionConfigurationPlatforms) = preSolution
		Debug|Any CPU = Debug|Any CPU
		Release|Any CPU = Release|Any CPU
	EndGlobalSection
	GlobalSection(ProjectConfigurationPlatforms) = postSolution
		{B8F632AC-D94F-47F3-A9D4-BD5BCB780ACE}.Debug|Any CPU.ActiveCfg = Debug|Any CPU
		{B8F632AC-D94F-47F3-A9D4-BD5BCB780ACE}.Debug|Any CPU.Build.0 = Debug|Any CPU
		{B8F632AC-D94F-47F3-A9D4-BD5BCB780ACE}.Release|Any CPU.ActiveCfg = Release|Any CPU
		{B8F632AC-D94F-47F3-A9D4-BD5BCB780ACE}.Release|Any CPU.Build.0 = Release|Any CPU
		{15D01218-2029-4FFF-901D-F3F4CCA742B5}.Debug|Any CPU.ActiveCfg = Debug|Any CPU
		{15D01218-2029-4FFF-901D-F3F4CCA742B5}.Debug|Any CPU.Build.0 = Debug|Any CPU
		{15D01218-2029-4FFF-901D-F3F4CCA742B5}.Release|Any CPU.ActiveCfg = Release|Any CPU
		{15D01218-2029-4FFF-901D-F3F4CCA742B5}.Release|Any CPU.Build.0 = Release|Any CPU
		{A5E0C9E2-48B3-4A49-B133-0751F46EA985}.Debug|Any CPU.ActiveCfg = Debug|Any CPU
		{A5E0C9E2-48B3-4A49-B133-0751F46EA985}.Debug|Any CPU.Build.0 = Debug|Any CPU
		{A5E0C9E2-48B3-4A49-B133-0751F46EA985}.Release|Any CPU.ActiveCfg = Release|Any CPU
		{A5E0C9E2-48B3-4A49-B133-0751F46EA985}.Release|Any CPU.Build.0 = Release|Any CPU
	EndGlobalSection
	GlobalSection(SolutionProperties) = preSolution
		HideSolutionNode = FALSE
	EndGlobalSection
	GlobalSection(ExtensibilityGlobals) = postSolution
		SolutionGuid = {830B0342-17BE-4B06-9D66-17CEFFD35CF8}
	EndGlobalSection
EndGlobal
